# This file is autogenerated, do not edit; changes may be undone by the next 'dep ensure'.


[[projects]]
  branch = "master"
  digest = "1:a48cca4bd4f42ba169db66b4faedcf0b3664e7ac526ce4e93fce010be91530eb"
  name = "github.com/StudioSol/set"
  packages = ["."]
  pruneopts = "UT"
  revision = "31c7da67f20b2a857eb47b6c190025b71d357b01"

[[projects]]
  digest = "1:25e2e1167476b728d2b1fd5d8be3dde6de21ad7469a89aab0353d6dce9c8e998"
  name = "github.com/leekchan/accounting"
  packages = ["."]
  pruneopts = "UT"
  revision = "a35854c075934d6aa1a6c1ab3ea8a82ee0dc1a93"
  version = "v0.2"

[solve-meta]
  analyzer-name = "dep"
  analyzer-version = 1
  input-imports = [
    "github.com/StudioSol/set",
    "github.com/leekchan/accounting",
  ]
  solver-name = "gps-cdcl"
  solver-version = 1
